
Microsoft Visual Studio Solution File, Format Version 12.00
# Visual Studio Version 17
VisualStudioVersion = 17.11.35303.130
MinimumVisualStudioVersion = 10.0.40219.1
Project("{9A19103F-16F7-4668-BE54-9A1E7A4F7556}") = "SistemaTurnosUI", "SistemaTurnosUI\SistemaTurnosUI.csproj", "{0B03D51F-000F-4E63-A04B-19732C7AA98E}"
EndProject
Project("{FAE04EC0-301F-11D3-BF4B-00C04F79EFBC}") = "BE", "BE\BE.csproj", "{D204F9FA-FF03-4126-838B-C67A42D65564}"
EndProject
Project("{FAE04EC0-301F-11D3-BF4B-00C04F79EFBC}") = "BLL", "BLL\BLL.csproj", "{3A6152A0-5B7E-453A-929B-3340E69C1251}"
EndProject
Project("{FAE04EC0-301F-11D3-BF4B-00C04F79EFBC}") = "DAL", "DAL\DAL.csproj", "{5CA83B44-46F6-4462-ADE5-640F8E845279}"
EndProject
Project("{FAE04EC0-301F-11D3-BF4B-00C04F79EFBC}") = "Servicios", "Servicios\Servicios.csproj", "{7C2C9927-D869-45AA-B2E8-EFF909CF654B}"
EndProject
Global
	GlobalSection(SolutionConfigurationPlatforms) = preSolution
		Debug|Any CPU = Debug|Any CPU
		Release|Any CPU = Release|Any CPU
	EndGlobalSection
	GlobalSection(ProjectConfigurationPlatforms) = postSolution
		{0B03D51F-000F-4E63-A04B-19732C7AA98E}.Debug|Any CPU.ActiveCfg = Debug|Any CPU
		{0B03D51F-000F-4E63-A04B-19732C7AA98E}.Debug|Any CPU.Build.0 = Debug|Any CPU
		{0B03D51F-000F-4E63-A04B-19732C7AA98E}.Release|Any CPU.ActiveCfg = Release|Any CPU
		{0B03D51F-000F-4E63-A04B-19732C7AA98E}.Release|Any CPU.Build.0 = Release|Any CPU
		{D204F9FA-FF03-4126-838B-C67A42D65564}.Debug|Any CPU.ActiveCfg = Debug|Any CPU
		{D204F9FA-FF03-4126-838B-C67A42D65564}.Debug|Any CPU.Build.0 = Debug|Any CPU
		{D204F9FA-FF03-4126-838B-C67A42D65564}.Release|Any CPU.ActiveCfg = Release|Any CPU
		{D204F9FA-FF03-4126-838B-C67A42D65564}.Release|Any CPU.Build.0 = Release|Any CPU
		{3A6152A0-5B7E-453A-929B-3340E69C1251}.Debug|Any CPU.ActiveCfg = Debug|Any CPU
		{3A6152A0-5B7E-453A-929B-3340E69C1251}.Debug|Any CPU.Build.0 = Debug|Any CPU
		{3A6152A0-5B7E-453A-929B-3340E69C1251}.Release|Any CPU.ActiveCfg = Release|Any CPU
		{3A6152A0-5B7E-453A-929B-3340E69C1251}.Release|Any CPU.Build.0 = Release|Any CPU
		{5CA83B44-46F6-4462-ADE5-640F8E845279}.Debug|Any CPU.ActiveCfg = Debug|Any CPU
		{5CA83B44-46F6-4462-ADE5-640F8E845279}.Debug|Any CPU.Build.0 = Debug|Any CPU
		{5CA83B44-46F6-4462-ADE5-640F8E845279}.Release|Any CPU.ActiveCfg = Release|Any CPU
		{5CA83B44-46F6-4462-ADE5-640F8E845279}.Release|Any CPU.Build.0 = Release|Any CPU
		{7C2C9927-D869-45AA-B2E8-EFF909CF654B}.Debug|Any CPU.ActiveCfg = Debug|Any CPU
		{7C2C9927-D869-45AA-B2E8-EFF909CF654B}.Debug|Any CPU.Build.0 = Debug|Any CPU
		{7C2C9927-D869-45AA-B2E8-EFF909CF654B}.Release|Any CPU.ActiveCfg = Release|Any CPU
		{7C2C9927-D869-45AA-B2E8-EFF909CF654B}.Release|Any CPU.Build.0 = Release|Any CPU
	EndGlobalSection
	GlobalSection(SolutionProperties) = preSolution
		HideSolutionNode = FALSE
	EndGlobalSection
	GlobalSection(ExtensibilityGlobals) = postSolution
		SolutionGuid = {09AF216D-8204-4458-A685-87214686DDEF}
	EndGlobalSection
EndGlobal
